
Microsoft Visual Studio Solution File, Format Version 12.00
# Visual Studio Version 16
VisualStudioVersion = 16.0.29926.136
MinimumVisualStudioVersion = 10.0.40219.1
Project("{FAE04EC0-301F-11D3-BF4B-00C04F79EFBC}") = "Keyword_Bool", "Keyword_Bool\Keyword_Bool.csproj", "{379D5D29-19ED-4A00-A862-9EB060AE9BC0}"
EndProject
Global
	GlobalSection(SolutionConfigurationPlatforms) = preSolution
		Debug|Any CPU = Debug|Any CPU
		Release|Any CPU = Release|Any CPU
	EndGlobalSection
	GlobalSection(ProjectConfigurationPlatforms) = postSolution
		{379D5D29-19ED-4A00-A862-9EB060AE9BC0}.Debug|Any CPU.ActiveCfg = Debug|Any CPU
		{379D5D29-19ED-4A00-A862-9EB060AE9BC0}.Debug|Any CPU.Build.0 = Debug|Any CPU
		{379D5D29-19ED-4A00-A862-9EB060AE9BC0}.Release|Any CPU.ActiveCfg = Release|Any CPU
		{379D5D29-19ED-4A00-A862-9EB060AE9BC0}.Release|Any CPU.Build.0 = Release|Any CPU
	EndGlobalSection
	GlobalSection(SolutionProperties) = preSolution
		HideSolutionNode = FALSE
	EndGlobalSection
	GlobalSection(ExtensibilityGlobals) = postSolution
		SolutionGuid = {F4246C68-C0D5-48F6-8B0E-20B56DD31811}
	EndGlobalSection
EndGlobal
