
Microsoft Visual Studio Solution File, Format Version 12.00
# Visual Studio Version 16
VisualStudioVersion = 16.0.29926.136
MinimumVisualStudioVersion = 10.0.40219.1
Project("{FAE04EC0-301F-11D3-BF4B-00C04F79EFBC}") = "Keyword_ulong", "Keyword_ulong\Keyword_ulong.csproj", "{E240E093-AD90-4AFC-81F7-53EA4BA6F805}"
EndProject
Global
	GlobalSection(SolutionConfigurationPlatforms) = preSolution
		Debug|Any CPU = Debug|Any CPU
		Release|Any CPU = Release|Any CPU
	EndGlobalSection
	GlobalSection(ProjectConfigurationPlatforms) = postSolution
		{E240E093-AD90-4AFC-81F7-53EA4BA6F805}.Debug|Any CPU.ActiveCfg = Debug|Any CPU
		{E240E093-AD90-4AFC-81F7-53EA4BA6F805}.Debug|Any CPU.Build.0 = Debug|Any CPU
		{E240E093-AD90-4AFC-81F7-53EA4BA6F805}.Release|Any CPU.ActiveCfg = Release|Any CPU
		{E240E093-AD90-4AFC-81F7-53EA4BA6F805}.Release|Any CPU.Build.0 = Release|Any CPU
	EndGlobalSection
	GlobalSection(SolutionProperties) = preSolution
		HideSolutionNode = FALSE
	EndGlobalSection
	GlobalSection(ExtensibilityGlobals) = postSolution
		SolutionGuid = {5FC6697E-D813-44BB-9794-F75D0EA5C01E}
	EndGlobalSection
EndGlobal
