
Microsoft Visual Studio Solution File, Format Version 12.00
# Visual Studio Version 16
VisualStudioVersion = 16.0.30204.135
MinimumVisualStudioVersion = 10.0.40219.1
Project("{FAE04EC0-301F-11D3-BF4B-00C04F79EFBC}") = "Hacker_Day2", "Hacker_Day2\Hacker_Day2.csproj", "{FF61C33D-50E8-4E68-B228-104D3DB71D90}"
EndProject
Global
	GlobalSection(SolutionConfigurationPlatforms) = preSolution
		Debug|Any CPU = Debug|Any CPU
		Release|Any CPU = Release|Any CPU
	EndGlobalSection
	GlobalSection(ProjectConfigurationPlatforms) = postSolution
		{FF61C33D-50E8-4E68-B228-104D3DB71D90}.Debug|Any CPU.ActiveCfg = Debug|Any CPU
		{FF61C33D-50E8-4E68-B228-104D3DB71D90}.Debug|Any CPU.Build.0 = Debug|Any CPU
		{FF61C33D-50E8-4E68-B228-104D3DB71D90}.Release|Any CPU.ActiveCfg = Release|Any CPU
		{FF61C33D-50E8-4E68-B228-104D3DB71D90}.Release|Any CPU.Build.0 = Release|Any CPU
	EndGlobalSection
	GlobalSection(SolutionProperties) = preSolution
		HideSolutionNode = FALSE
	EndGlobalSection
	GlobalSection(ExtensibilityGlobals) = postSolution
		SolutionGuid = {6F1BA914-B81D-4BE8-9ECC-9F3381F04445}
	EndGlobalSection
EndGlobal
